
Microsoft Visual Studio Solution File, Format Version 12.00
# Visual Studio Version 17
VisualStudioVersion = 17.14.35906.104 d17.14
MinimumVisualStudioVersion = 10.0.40219.1
Project("{FAE04EC0-301F-11D3-BF4B-00C04F79EFBC}") = "LeaveManagementSystem", "LeaveManagementSystem.csproj", "{FB89EA6B-E57E-4282-ABF2-A043628FE6C3}"
EndProject
Global
	GlobalSection(SolutionConfigurationPlatforms) = preSolution
		Debug|Any CPU = Debug|Any CPU
		Release|Any CPU = Release|Any CPU
	EndGlobalSection
	GlobalSection(ProjectConfigurationPlatforms) = postSolution
		{FB89EA6B-E57E-4282-ABF2-A043628FE6C3}.Debug|Any CPU.ActiveCfg = Debug|Any CPU
		{FB89EA6B-E57E-4282-ABF2-A043628FE6C3}.Debug|Any CPU.Build.0 = Debug|Any CPU
		{FB89EA6B-E57E-4282-ABF2-A043628FE6C3}.Release|Any CPU.ActiveCfg = Release|Any CPU
		{FB89EA6B-E57E-4282-ABF2-A043628FE6C3}.Release|Any CPU.Build.0 = Release|Any CPU
	EndGlobalSection
	GlobalSection(SolutionProperties) = preSolution
		HideSolutionNode = FALSE
	EndGlobalSection
	GlobalSection(ExtensibilityGlobals) = postSolution
		SolutionGuid = {C471F375-35E7-434E-89B3-59EDC5AD32FE}
	EndGlobalSection
EndGlobal
